// !$*UTF8*$!
{
	archiveVersion = 1;
	classes = {
	};
	objectVersion = 50;
	objects = {

/* Begin PBXBuildFile section */
		2B086C41D1AE96515832211B /* Pods_Cosmostation.framework in Frameworks */ = {isa = PBXBuildFile; fileRef = 9C343D91DD12833CEE33C581 /* Pods_Cosmostation.framework */; };
		E1271B04224B17230083AF17 /* Localizable.strings in Resources */ = {isa = PBXBuildFile; fileRef = E1271B02224B17230083AF17 /* Localizable.strings */; };
		E1271B06224B874A0083AF17 /* AddAddressViewController.swift in Sources */ = {isa = PBXBuildFile; fileRef = E1271B05224B874A0083AF17 /* AddAddressViewController.swift */; };
		E1271B08224B90230083AF17 /* AddressInputTextField.swift in Sources */ = {isa = PBXBuildFile; fileRef = E1271B07224B90230083AF17 /* AddressInputTextField.swift */; };
		E1271B0A224C943C0083AF17 /* RestoreViewController.swift in Sources */ = {isa = PBXBuildFile; fileRef = E1271B09224C943C0083AF17 /* RestoreViewController.swift */; };
		E14BDFFB224CCFE20007DD7D /* MnemonicCell.swift in Sources */ = {isa = PBXBuildFile; fileRef = E14BDFF9224CCFE20007DD7D /* MnemonicCell.swift */; };
		E14BDFFC224CCFE20007DD7D /* MnemonicCell.xib in Resources */ = {isa = PBXBuildFile; fileRef = E14BDFFA224CCFE20007DD7D /* MnemonicCell.xib */; };
		E151B62E2245248C0026B8C0 /* MyValidatorCell.swift in Sources */ = {isa = PBXBuildFile; fileRef = E151B62C2245248C0026B8C0 /* MyValidatorCell.swift */; };
		E151B62F2245248C0026B8C0 /* MyValidatorCell.xib in Resources */ = {isa = PBXBuildFile; fileRef = E151B62D2245248C0026B8C0 /* MyValidatorCell.xib */; };
		E151B632224533DC0026B8C0 /* ClaimRewardAllCell.swift in Sources */ = {isa = PBXBuildFile; fileRef = E151B630224533DC0026B8C0 /* ClaimRewardAllCell.swift */; };
		E151B633224533DC0026B8C0 /* ClaimRewardAllCell.xib in Resources */ = {isa = PBXBuildFile; fileRef = E151B631224533DC0026B8C0 /* ClaimRewardAllCell.xib */; };
		E151B636224533F90026B8C0 /* PromotionCell.swift in Sources */ = {isa = PBXBuildFile; fileRef = E151B634224533F90026B8C0 /* PromotionCell.swift */; };
		E151B637224533F90026B8C0 /* PromotionCell.xib in Resources */ = {isa = PBXBuildFile; fileRef = E151B635224533F90026B8C0 /* PromotionCell.xib */; };
		E151B639224626990026B8C0 /* BorderButton.swift in Sources */ = {isa = PBXBuildFile; fileRef = E151B638224626990026B8C0 /* BorderButton.swift */; };
		E151B63C22467E520026B8C0 /* HistoryCell.swift in Sources */ = {isa = PBXBuildFile; fileRef = E151B63A22467E520026B8C0 /* HistoryCell.swift */; };
		E151B63D22467E520026B8C0 /* HistoryCell.xib in Resources */ = {isa = PBXBuildFile; fileRef = E151B63B22467E520026B8C0 /* HistoryCell.xib */; };
		E151B63F22484A710026B8C0 /* InOutPut.swift in Sources */ = {isa = PBXBuildFile; fileRef = E151B63E22484A710026B8C0 /* InOutPut.swift */; };
		E151B64122484AE60026B8C0 /* Signature.swift in Sources */ = {isa = PBXBuildFile; fileRef = E151B64022484AE60026B8C0 /* Signature.swift */; };
		E151B64322484F490026B8C0 /* Fee.swift in Sources */ = {isa = PBXBuildFile; fileRef = E151B64222484F490026B8C0 /* Fee.swift */; };
		E151B64522484FAE0026B8C0 /* Delegation.swift in Sources */ = {isa = PBXBuildFile; fileRef = E151B64422484FAE0026B8C0 /* Delegation.swift */; };
		E151B647224850040026B8C0 /* Msg.swift in Sources */ = {isa = PBXBuildFile; fileRef = E151B646224850040026B8C0 /* Msg.swift */; };
		E151B6492248583F0026B8C0 /* StdTx.swift in Sources */ = {isa = PBXBuildFile; fileRef = E151B6482248583F0026B8C0 /* StdTx.swift */; };
		E151B64B224859E10026B8C0 /* StdSignedMsg.swift in Sources */ = {isa = PBXBuildFile; fileRef = E151B64A224859E10026B8C0 /* StdSignedMsg.swift */; };
		E151B64D22485AB20026B8C0 /* History.swift in Sources */ = {isa = PBXBuildFile; fileRef = E151B64C22485AB20026B8C0 /* History.swift */; };
		E151B64F22485B3B0026B8C0 /* Result.swift in Sources */ = {isa = PBXBuildFile; fileRef = E151B64E22485B3B0026B8C0 /* Result.swift */; };
		E151B651224867D60026B8C0 /* Proposal.swift in Sources */ = {isa = PBXBuildFile; fileRef = E151B650224867D60026B8C0 /* Proposal.swift */; };
		E151B65422486C300026B8C0 /* ProposalCell.swift in Sources */ = {isa = PBXBuildFile; fileRef = E151B65222486C300026B8C0 /* ProposalCell.swift */; };
		E151B65522486C300026B8C0 /* ProposalCell.xib in Resources */ = {isa = PBXBuildFile; fileRef = E151B65322486C300026B8C0 /* ProposalCell.xib */; };
		E151B658224873640026B8C0 /* SettingTableViewController.swift in Sources */ = {isa = PBXBuildFile; fileRef = E151B657224873640026B8C0 /* SettingTableViewController.swift */; };
		E16D9B1322489AE10019B7BB /* Init.storyboard in Resources */ = {isa = PBXBuildFile; fileRef = E16D9B1222489AE10019B7BB /* Init.storyboard */; };
		E16D9B1522489B030019B7BB /* IntroViewController.swift in Sources */ = {isa = PBXBuildFile; fileRef = E16D9B1422489B030019B7BB /* IntroViewController.swift */; };
		E16D9B172248BD990019B7BB /* CreateViewController.swift in Sources */ = {isa = PBXBuildFile; fileRef = E16D9B162248BD990019B7BB /* CreateViewController.swift */; };
		E16D9B192248C4880019B7BB /* Assets.xcassets in Resources */ = {isa = PBXBuildFile; fileRef = E16D9B182248C4880019B7BB /* Assets.xcassets */; };
		E16D9B1B2248D1370019B7BB /* BoarderLabel.swift in Sources */ = {isa = PBXBuildFile; fileRef = E16D9B1A2248D1370019B7BB /* BoarderLabel.swift */; };
		E16D9B1D2248E6A60019B7BB /* WKey.swift in Sources */ = {isa = PBXBuildFile; fileRef = E16D9B1C2248E6A60019B7BB /* WKey.swift */; };
		E16D9B202249E9DC0019B7BB /* Password.storyboard in Resources */ = {isa = PBXBuildFile; fileRef = E16D9B1F2249E9DC0019B7BB /* Password.storyboard */; };
		E16D9B222249EA0C0019B7BB /* PasswordViewController.swift in Sources */ = {isa = PBXBuildFile; fileRef = E16D9B212249EA0C0019B7BB /* PasswordViewController.swift */; };
		E16D9B24224A083E0019B7BB /* KeyboardViewController.swift in Sources */ = {isa = PBXBuildFile; fileRef = E16D9B23224A083E0019B7BB /* KeyboardViewController.swift */; };
		E16D9B26224A08510019B7BB /* DecimalViewController.swift in Sources */ = {isa = PBXBuildFile; fileRef = E16D9B25224A08510019B7BB /* DecimalViewController.swift */; };
		E16D9B28224A08660019B7BB /* AlphabetViewController.swift in Sources */ = {isa = PBXBuildFile; fileRef = E16D9B27224A08660019B7BB /* AlphabetViewController.swift */; };
		E1945E28222E7C0600A1436F /* AppDelegate.swift in Sources */ = {isa = PBXBuildFile; fileRef = E1945E27222E7C0600A1436F /* AppDelegate.swift */; };
		E1945E2A222E7C0600A1436F /* ViewController.swift in Sources */ = {isa = PBXBuildFile; fileRef = E1945E29222E7C0600A1436F /* ViewController.swift */; };
		E1945E2D222E7C0600A1436F /* Main.storyboard in Resources */ = {isa = PBXBuildFile; fileRef = E1945E2B222E7C0600A1436F /* Main.storyboard */; };
		E1945E32222E7C0800A1436F /* LaunchScreen.storyboard in Resources */ = {isa = PBXBuildFile; fileRef = E1945E30222E7C0800A1436F /* LaunchScreen.storyboard */; };
		E1945E3E222E7E2900A1436F /* SegwitAddrCoder.swift in Sources */ = {isa = PBXBuildFile; fileRef = E1945E3C222E7E2900A1436F /* SegwitAddrCoder.swift */; };
		E1945E3F222E7E2900A1436F /* Bech32.swift in Sources */ = {isa = PBXBuildFile; fileRef = E1945E3D222E7E2900A1436F /* Bech32.swift */; };
		E1945E42222E7FC800A1436F /* MainTabViewController.swift in Sources */ = {isa = PBXBuildFile; fileRef = E1945E41222E7FC800A1436F /* MainTabViewController.swift */; };
		E1945E44222E7FF500A1436F /* MainStoryboard.storyboard in Resources */ = {isa = PBXBuildFile; fileRef = E1945E43222E7FF500A1436F /* MainStoryboard.storyboard */; };
		E1945E46222E819300A1436F /* MainTabSendViewController.swift in Sources */ = {isa = PBXBuildFile; fileRef = E1945E45222E819300A1436F /* MainTabSendViewController.swift */; };
		E1945E48222E81A300A1436F /* MainTabRewardViewController.swift in Sources */ = {isa = PBXBuildFile; fileRef = E1945E47222E81A300A1436F /* MainTabRewardViewController.swift */; };
		E1945E4A222E81B300A1436F /* MainTabHistoryViewController.swift in Sources */ = {isa = PBXBuildFile; fileRef = E1945E49222E81B300A1436F /* MainTabHistoryViewController.swift */; };
		E1945E4C222E81C200A1436F /* MainTabVoteViewController.swift in Sources */ = {isa = PBXBuildFile; fileRef = E1945E4B222E81C200A1436F /* MainTabVoteViewController.swift */; };
		E1945E4E222E81D000A1436F /* MainTabSettingViewController.swift in Sources */ = {isa = PBXBuildFile; fileRef = E1945E4D222E81D000A1436F /* MainTabSettingViewController.swift */; };
		E1945E50222E842B00A1436F /* BaseViewController.swift in Sources */ = {isa = PBXBuildFile; fileRef = E1945E4F222E842B00A1436F /* BaseViewController.swift */; };
		E1945E52223124F000A1436F /* BaseData.swift in Sources */ = {isa = PBXBuildFile; fileRef = E1945E51223124F000A1436F /* BaseData.swift */; };
		E1945E542231256800A1436F /* BaseConstant.swift in Sources */ = {isa = PBXBuildFile; fileRef = E1945E532231256800A1436F /* BaseConstant.swift */; };
		E1A82DD1224220910097CAEE /* Account.swift in Sources */ = {isa = PBXBuildFile; fileRef = E1A82DD0224220910097CAEE /* Account.swift */; };
		E1A82DD3224222E00097CAEE /* Password.swift in Sources */ = {isa = PBXBuildFile; fileRef = E1A82DD2224222E00097CAEE /* Password.swift */; };
		E1A82DD5224223250097CAEE /* Balance.swift in Sources */ = {isa = PBXBuildFile; fileRef = E1A82DD4224223250097CAEE /* Balance.swift */; };
		E1A82DD7224223EC0097CAEE /* Bonding.swift in Sources */ = {isa = PBXBuildFile; fileRef = E1A82DD6224223EC0097CAEE /* Bonding.swift */; };
		E1A82DD9224224420097CAEE /* Unbonding.swift in Sources */ = {isa = PBXBuildFile; fileRef = E1A82DD8224224420097CAEE /* Unbonding.swift */; };
		E1A82DDC224378D40097CAEE /* CardView.swift in Sources */ = {isa = PBXBuildFile; fileRef = E1A82DDB224378D40097CAEE /* CardView.swift */; };
		E1A82DDF2244782B0097CAEE /* Validator.swift in Sources */ = {isa = PBXBuildFile; fileRef = E1A82DDE2244782B0097CAEE /* Validator.swift */; };
		E1A82DE12244818C0097CAEE /* AccountInfo.swift in Sources */ = {isa = PBXBuildFile; fileRef = E1A82DE02244818C0097CAEE /* AccountInfo.swift */; };
		E1A82DE32244821D0097CAEE /* PublicKey.swift in Sources */ = {isa = PBXBuildFile; fileRef = E1A82DE22244821D0097CAEE /* PublicKey.swift */; };
		E1A82DE5224482800097CAEE /* Coin.swift in Sources */ = {isa = PBXBuildFile; fileRef = E1A82DE4224482800097CAEE /* Coin.swift */; };
		E1A82DE822448E940097CAEE /* WUtils.swift in Sources */ = {isa = PBXBuildFile; fileRef = E1A82DE722448E940097CAEE /* WUtils.swift */; };
		E1A82DEA2244A20B0097CAEE /* BondingInfo.swift in Sources */ = {isa = PBXBuildFile; fileRef = E1A82DE92244A20B0097CAEE /* BondingInfo.swift */; };
		E1A82DEC2244A87D0097CAEE /* UnbondigInfo.swift in Sources */ = {isa = PBXBuildFile; fileRef = E1A82DEB2244A87D0097CAEE /* UnbondigInfo.swift */; };
		E1A82DEE2244DE680097CAEE /* MyValidatorViewController.swift in Sources */ = {isa = PBXBuildFile; fileRef = E1A82DED2244DE680097CAEE /* MyValidatorViewController.swift */; };
		E1A82DF02244E0BD0097CAEE /* AllValidatorViewController.swift in Sources */ = {isa = PBXBuildFile; fileRef = E1A82DEF2244E0BD0097CAEE /* AllValidatorViewController.swift */; };
		E1A82DF42244EC440097CAEE /* AllValidatorCell.swift in Sources */ = {isa = PBXBuildFile; fileRef = E1A82DF22244EC440097CAEE /* AllValidatorCell.swift */; };
		E1A82DF52244EC440097CAEE /* AllValidatorCell.xib in Resources */ = {isa = PBXBuildFile; fileRef = E1A82DF32244EC440097CAEE /* AllValidatorCell.xib */; };
		E1A82DF72244FA750097CAEE /* UIColor.swift in Sources */ = {isa = PBXBuildFile; fileRef = E1A82DF62244FA750097CAEE /* UIColor.swift */; };
		E1ECCA7A224CB4AA00BAB623 /* BottomLineTextField.swift in Sources */ = {isa = PBXBuildFile; fileRef = E1ECCA79224CB4AA00BAB623 /* BottomLineTextField.swift */; };
/* End PBXBuildFile section */

/* Begin PBXFileReference section */
		00BAE96F02E7C0B2F69BAEF0 /* Pods-Cosmostation.debug.xcconfig */ = {isa = PBXFileReference; includeInIndex = 1; lastKnownFileType = text.xcconfig; name = "Pods-Cosmostation.debug.xcconfig"; path = "Pods/Target Support Files/Pods-Cosmostation/Pods-Cosmostation.debug.xcconfig"; sourceTree = "<group>"; };
		8AF7F57C7285EED5E4415BAE /* Pods-Cosmostation.release.xcconfig */ = {isa = PBXFileReference; includeInIndex = 1; lastKnownFileType = text.xcconfig; name = "Pods-Cosmostation.release.xcconfig"; path = "Pods/Target Support Files/Pods-Cosmostation/Pods-Cosmostation.release.xcconfig"; sourceTree = "<group>"; };
		9C343D91DD12833CEE33C581 /* Pods_Cosmostation.framework */ = {isa = PBXFileReference; explicitFileType = wrapper.framework; includeInIndex = 0; path = Pods_Cosmostation.framework; sourceTree = BUILT_PRODUCTS_DIR; };
		E1271B00224B16E20083AF17 /* en */ = {isa = PBXFileReference; lastKnownFileType = text.plist.strings; name = en; path = en.lproj/Main.strings; sourceTree = "<group>"; };
		E1271B01224B16E20083AF17 /* en */ = {isa = PBXFileReference; lastKnownFileType = text.plist.strings; name = en; path = en.lproj/LaunchScreen.strings; sourceTree = "<group>"; };
		E1271B03224B17230083AF17 /* Base */ = {isa = PBXFileReference; lastKnownFileType = text.plist.strings; name = Base; path = Base.lproj/Localizable.strings; sourceTree = "<group>"; };
		E1271B05224B874A0083AF17 /* AddAddressViewController.swift */ = {isa = PBXFileReference; lastKnownFileType = sourcecode.swift; path = AddAddressViewController.swift; sourceTree = "<group>"; };
		E1271B07224B90230083AF17 /* AddressInputTextField.swift */ = {isa = PBXFileReference; lastKnownFileType = sourcecode.swift; path = AddressInputTextField.swift; sourceTree = "<group>"; };
		E1271B09224C943C0083AF17 /* RestoreViewController.swift */ = {isa = PBXFileReference; lastKnownFileType = sourcecode.swift; path = RestoreViewController.swift; sourceTree = "<group>"; };
		E14BDFF9224CCFE20007DD7D /* MnemonicCell.swift */ = {isa = PBXFileReference; lastKnownFileType = sourcecode.swift; path = MnemonicCell.swift; sourceTree = "<group>"; };
		E14BDFFA224CCFE20007DD7D /* MnemonicCell.xib */ = {isa = PBXFileReference; lastKnownFileType = file.xib; path = MnemonicCell.xib; sourceTree = "<group>"; };
		E151B62C2245248C0026B8C0 /* MyValidatorCell.swift */ = {isa = PBXFileReference; lastKnownFileType = sourcecode.swift; path = MyValidatorCell.swift; sourceTree = "<group>"; };
		E151B62D2245248C0026B8C0 /* MyValidatorCell.xib */ = {isa = PBXFileReference; lastKnownFileType = file.xib; path = MyValidatorCell.xib; sourceTree = "<group>"; };
		E151B630224533DC0026B8C0 /* ClaimRewardAllCell.swift */ = {isa = PBXFileReference; lastKnownFileType = sourcecode.swift; path = ClaimRewardAllCell.swift; sourceTree = "<group>"; };
		E151B631224533DC0026B8C0 /* ClaimRewardAllCell.xib */ = {isa = PBXFileReference; lastKnownFileType = file.xib; path = ClaimRewardAllCell.xib; sourceTree = "<group>"; };
		E151B634224533F90026B8C0 /* PromotionCell.swift */ = {isa = PBXFileReference; lastKnownFileType = sourcecode.swift; path = PromotionCell.swift; sourceTree = "<group>"; };
		E151B635224533F90026B8C0 /* PromotionCell.xib */ = {isa = PBXFileReference; lastKnownFileType = file.xib; path = PromotionCell.xib; sourceTree = "<group>"; };
		E151B638224626990026B8C0 /* BorderButton.swift */ = {isa = PBXFileReference; lastKnownFileType = sourcecode.swift; path = BorderButton.swift; sourceTree = "<group>"; };
		E151B63A22467E520026B8C0 /* HistoryCell.swift */ = {isa = PBXFileReference; lastKnownFileType = sourcecode.swift; path = HistoryCell.swift; sourceTree = "<group>"; };
		E151B63B22467E520026B8C0 /* HistoryCell.xib */ = {isa = PBXFileReference; lastKnownFileType = file.xib; path = HistoryCell.xib; sourceTree = "<group>"; };
		E151B63E22484A710026B8C0 /* InOutPut.swift */ = {isa = PBXFileReference; lastKnownFileType = sourcecode.swift; path = InOutPut.swift; sourceTree = "<group>"; };
		E151B64022484AE60026B8C0 /* Signature.swift */ = {isa = PBXFileReference; lastKnownFileType = sourcecode.swift; path = Signature.swift; sourceTree = "<group>"; };
		E151B64222484F490026B8C0 /* Fee.swift */ = {isa = PBXFileReference; lastKnownFileType = sourcecode.swift; path = Fee.swift; sourceTree = "<group>"; };
		E151B64422484FAE0026B8C0 /* Delegation.swift */ = {isa = PBXFileReference; lastKnownFileType = sourcecode.swift; path = Delegation.swift; sourceTree = "<group>"; };
		E151B646224850040026B8C0 /* Msg.swift */ = {isa = PBXFileReference; lastKnownFileType = sourcecode.swift; path = Msg.swift; sourceTree = "<group>"; };
		E151B6482248583F0026B8C0 /* StdTx.swift */ = {isa = PBXFileReference; lastKnownFileType = sourcecode.swift; path = StdTx.swift; sourceTree = "<group>"; };
		E151B64A224859E10026B8C0 /* StdSignedMsg.swift */ = {isa = PBXFileReference; lastKnownFileType = sourcecode.swift; path = StdSignedMsg.swift; sourceTree = "<group>"; };
		E151B64C22485AB20026B8C0 /* History.swift */ = {isa = PBXFileReference; lastKnownFileType = sourcecode.swift; path = History.swift; sourceTree = "<group>"; };
		E151B64E22485B3B0026B8C0 /* Result.swift */ = {isa = PBXFileReference; lastKnownFileType = sourcecode.swift; path = Result.swift; sourceTree = "<group>"; };
		E151B650224867D60026B8C0 /* Proposal.swift */ = {isa = PBXFileReference; lastKnownFileType = sourcecode.swift; path = Proposal.swift; sourceTree = "<group>"; };
		E151B65222486C300026B8C0 /* ProposalCell.swift */ = {isa = PBXFileReference; lastKnownFileType = sourcecode.swift; path = ProposalCell.swift; sourceTree = "<group>"; };
		E151B65322486C300026B8C0 /* ProposalCell.xib */ = {isa = PBXFileReference; lastKnownFileType = file.xib; path = ProposalCell.xib; sourceTree = "<group>"; };
		E151B657224873640026B8C0 /* SettingTableViewController.swift */ = {isa = PBXFileReference; lastKnownFileType = sourcecode.swift; path = SettingTableViewController.swift; sourceTree = "<group>"; };
		E16D9B1222489AE10019B7BB /* Init.storyboard */ = {isa = PBXFileReference; lastKnownFileType = file.storyboard; path = Init.storyboard; sourceTree = "<group>"; };
		E16D9B1422489B030019B7BB /* IntroViewController.swift */ = {isa = PBXFileReference; lastKnownFileType = sourcecode.swift; path = IntroViewController.swift; sourceTree = "<group>"; };
		E16D9B162248BD990019B7BB /* CreateViewController.swift */ = {isa = PBXFileReference; lastKnownFileType = sourcecode.swift; path = CreateViewController.swift; sourceTree = "<group>"; };
		E16D9B182248C4880019B7BB /* Assets.xcassets */ = {isa = PBXFileReference; lastKnownFileType = folder.assetcatalog; path = Assets.xcassets; sourceTree = "<group>"; };
		E16D9B1A2248D1370019B7BB /* BoarderLabel.swift */ = {isa = PBXFileReference; lastKnownFileType = sourcecode.swift; path = BoarderLabel.swift; sourceTree = "<group>"; };
		E16D9B1C2248E6A60019B7BB /* WKey.swift */ = {isa = PBXFileReference; lastKnownFileType = sourcecode.swift; path = WKey.swift; sourceTree = "<group>"; };
		E16D9B1F2249E9DC0019B7BB /* Password.storyboard */ = {isa = PBXFileReference; lastKnownFileType = file.storyboard; path = Password.storyboard; sourceTree = "<group>"; };
		E16D9B212249EA0C0019B7BB /* PasswordViewController.swift */ = {isa = PBXFileReference; lastKnownFileType = sourcecode.swift; path = PasswordViewController.swift; sourceTree = "<group>"; };
		E16D9B23224A083E0019B7BB /* KeyboardViewController.swift */ = {isa = PBXFileReference; lastKnownFileType = sourcecode.swift; path = KeyboardViewController.swift; sourceTree = "<group>"; };
		E16D9B25224A08510019B7BB /* DecimalViewController.swift */ = {isa = PBXFileReference; lastKnownFileType = sourcecode.swift; path = DecimalViewController.swift; sourceTree = "<group>"; };
		E16D9B27224A08660019B7BB /* AlphabetViewController.swift */ = {isa = PBXFileReference; lastKnownFileType = sourcecode.swift; path = AlphabetViewController.swift; sourceTree = "<group>"; };
		E1945E24222E7C0600A1436F /* Cosmostation.app */ = {isa = PBXFileReference; explicitFileType = wrapper.application; includeInIndex = 0; path = Cosmostation.app; sourceTree = BUILT_PRODUCTS_DIR; };
		E1945E27222E7C0600A1436F /* AppDelegate.swift */ = {isa = PBXFileReference; lastKnownFileType = sourcecode.swift; path = AppDelegate.swift; sourceTree = "<group>"; };
		E1945E29222E7C0600A1436F /* ViewController.swift */ = {isa = PBXFileReference; lastKnownFileType = sourcecode.swift; path = ViewController.swift; sourceTree = "<group>"; };
		E1945E2C222E7C0600A1436F /* Base */ = {isa = PBXFileReference; lastKnownFileType = file.storyboard; name = Base; path = Base.lproj/Main.storyboard; sourceTree = "<group>"; };
		E1945E31222E7C0800A1436F /* Base */ = {isa = PBXFileReference; lastKnownFileType = file.storyboard; name = Base; path = Base.lproj/LaunchScreen.storyboard; sourceTree = "<group>"; };
		E1945E33222E7C0800A1436F /* Info.plist */ = {isa = PBXFileReference; lastKnownFileType = text.plist.xml; path = Info.plist; sourceTree = "<group>"; };
		E1945E3C222E7E2900A1436F /* SegwitAddrCoder.swift */ = {isa = PBXFileReference; fileEncoding = 4; lastKnownFileType = sourcecode.swift; path = SegwitAddrCoder.swift; sourceTree = "<group>"; };
		E1945E3D222E7E2900A1436F /* Bech32.swift */ = {isa = PBXFileReference; fileEncoding = 4; lastKnownFileType = sourcecode.swift; path = Bech32.swift; sourceTree = "<group>"; };
		E1945E41222E7FC800A1436F /* MainTabViewController.swift */ = {isa = PBXFileReference; lastKnownFileType = sourcecode.swift; path = MainTabViewController.swift; sourceTree = "<group>"; };
		E1945E43222E7FF500A1436F /* MainStoryboard.storyboard */ = {isa = PBXFileReference; lastKnownFileType = file.storyboard; path = MainStoryboard.storyboard; sourceTree = "<group>"; };
		E1945E45222E819300A1436F /* MainTabSendViewController.swift */ = {isa = PBXFileReference; lastKnownFileType = sourcecode.swift; path = MainTabSendViewController.swift; sourceTree = "<group>"; };
		E1945E47222E81A300A1436F /* MainTabRewardViewController.swift */ = {isa = PBXFileReference; lastKnownFileType = sourcecode.swift; path = MainTabRewardViewController.swift; sourceTree = "<group>"; };
		E1945E49222E81B300A1436F /* MainTabHistoryViewController.swift */ = {isa = PBXFileReference; lastKnownFileType = sourcecode.swift; path = MainTabHistoryViewController.swift; sourceTree = "<group>"; };
		E1945E4B222E81C200A1436F /* MainTabVoteViewController.swift */ = {isa = PBXFileReference; lastKnownFileType = sourcecode.swift; path = MainTabVoteViewController.swift; sourceTree = "<group>"; };
		E1945E4D222E81D000A1436F /* MainTabSettingViewController.swift */ = {isa = PBXFileReference; lastKnownFileType = sourcecode.swift; path = MainTabSettingViewController.swift; sourceTree = "<group>"; };
		E1945E4F222E842B00A1436F /* BaseViewController.swift */ = {isa = PBXFileReference; lastKnownFileType = sourcecode.swift; path = BaseViewController.swift; sourceTree = "<group>"; };
		E1945E51223124F000A1436F /* BaseData.swift */ = {isa = PBXFileReference; lastKnownFileType = sourcecode.swift; path = BaseData.swift; sourceTree = "<group>"; };
		E1945E532231256800A1436F /* BaseConstant.swift */ = {isa = PBXFileReference; lastKnownFileType = sourcecode.swift; path = BaseConstant.swift; sourceTree = "<group>"; };
		E1A82DD0224220910097CAEE /* Account.swift */ = {isa = PBXFileReference; lastKnownFileType = sourcecode.swift; path = Account.swift; sourceTree = "<group>"; };
		E1A82DD2224222E00097CAEE /* Password.swift */ = {isa = PBXFileReference; lastKnownFileType = sourcecode.swift; path = Password.swift; sourceTree = "<group>"; };
		E1A82DD4224223250097CAEE /* Balance.swift */ = {isa = PBXFileReference; lastKnownFileType = sourcecode.swift; path = Balance.swift; sourceTree = "<group>"; };
		E1A82DD6224223EC0097CAEE /* Bonding.swift */ = {isa = PBXFileReference; lastKnownFileType = sourcecode.swift; path = Bonding.swift; sourceTree = "<group>"; };
		E1A82DD8224224420097CAEE /* Unbonding.swift */ = {isa = PBXFileReference; lastKnownFileType = sourcecode.swift; path = Unbonding.swift; sourceTree = "<group>"; };
		E1A82DDB224378D40097CAEE /* CardView.swift */ = {isa = PBXFileReference; lastKnownFileType = sourcecode.swift; path = CardView.swift; sourceTree = "<group>"; };
		E1A82DDE2244782B0097CAEE /* Validator.swift */ = {isa = PBXFileReference; lastKnownFileType = sourcecode.swift; path = Validator.swift; sourceTree = "<group>"; };
		E1A82DE02244818C0097CAEE /* AccountInfo.swift */ = {isa = PBXFileReference; lastKnownFileType = sourcecode.swift; path = AccountInfo.swift; sourceTree = "<group>"; };
		E1A82DE22244821D0097CAEE /* PublicKey.swift */ = {isa = PBXFileReference; lastKnownFileType = sourcecode.swift; path = PublicKey.swift; sourceTree = "<group>"; };
		E1A82DE4224482800097CAEE /* Coin.swift */ = {isa = PBXFileReference; lastKnownFileType = sourcecode.swift; path = Coin.swift; sourceTree = "<group>"; };
		E1A82DE722448E940097CAEE /* WUtils.swift */ = {isa = PBXFileReference; lastKnownFileType = sourcecode.swift; path = WUtils.swift; sourceTree = "<group>"; };
		E1A82DE92244A20B0097CAEE /* BondingInfo.swift */ = {isa = PBXFileReference; lastKnownFileType = sourcecode.swift; path = BondingInfo.swift; sourceTree = "<group>"; };
		E1A82DEB2244A87D0097CAEE /* UnbondigInfo.swift */ = {isa = PBXFileReference; lastKnownFileType = sourcecode.swift; path = UnbondigInfo.swift; sourceTree = "<group>"; };
		E1A82DED2244DE680097CAEE /* MyValidatorViewController.swift */ = {isa = PBXFileReference; lastKnownFileType = sourcecode.swift; path = MyValidatorViewController.swift; sourceTree = "<group>"; };
		E1A82DEF2244E0BD0097CAEE /* AllValidatorViewController.swift */ = {isa = PBXFileReference; lastKnownFileType = sourcecode.swift; path = AllValidatorViewController.swift; sourceTree = "<group>"; };
		E1A82DF22244EC440097CAEE /* AllValidatorCell.swift */ = {isa = PBXFileReference; lastKnownFileType = sourcecode.swift; path = AllValidatorCell.swift; sourceTree = "<group>"; };
		E1A82DF32244EC440097CAEE /* AllValidatorCell.xib */ = {isa = PBXFileReference; lastKnownFileType = file.xib; path = AllValidatorCell.xib; sourceTree = "<group>"; };
		E1A82DF62244FA750097CAEE /* UIColor.swift */ = {isa = PBXFileReference; lastKnownFileType = sourcecode.swift; path = UIColor.swift; sourceTree = "<group>"; };
		E1ECCA79224CB4AA00BAB623 /* BottomLineTextField.swift */ = {isa = PBXFileReference; lastKnownFileType = sourcecode.swift; path = BottomLineTextField.swift; sourceTree = "<group>"; };
/* End PBXFileReference section */

/* Begin PBXFrameworksBuildPhase section */
		E1945E21222E7C0600A1436F /* Frameworks */ = {
			isa = PBXFrameworksBuildPhase;
			buildActionMask = 2147483647;
			files = (
				2B086C41D1AE96515832211B /* Pods_Cosmostation.framework in Frameworks */,
			);
			runOnlyForDeploymentPostprocessing = 0;
		};
/* End PBXFrameworksBuildPhase section */

/* Begin PBXGroup section */
		1A728224B5E86FE87A2F331F /* Pods */ = {
			isa = PBXGroup;
			children = (
				00BAE96F02E7C0B2F69BAEF0 /* Pods-Cosmostation.debug.xcconfig */,
				8AF7F57C7285EED5E4415BAE /* Pods-Cosmostation.release.xcconfig */,
			);
			name = Pods;
			sourceTree = "<group>";
		};
		A9F877CB812E29531B5E6E38 /* Frameworks */ = {
			isa = PBXGroup;
			children = (
				9C343D91DD12833CEE33C581 /* Pods_Cosmostation.framework */,
			);
			name = Frameworks;
			sourceTree = "<group>";
		};
		E151B656224873270026B8C0 /* Setting */ = {
			isa = PBXGroup;
			children = (
				E151B657224873640026B8C0 /* SettingTableViewController.swift */,
			);
			path = Setting;
			sourceTree = "<group>";
		};
		E16D9B1122489AC20019B7BB /* Init */ = {
			isa = PBXGroup;
			children = (
				E16D9B1222489AE10019B7BB /* Init.storyboard */,
				E16D9B1422489B030019B7BB /* IntroViewController.swift */,
				E16D9B162248BD990019B7BB /* CreateViewController.swift */,
				E1271B05224B874A0083AF17 /* AddAddressViewController.swift */,
				E1271B09224C943C0083AF17 /* RestoreViewController.swift */,
			);
			path = Init;
			sourceTree = "<group>";
		};
		E16D9B1E2249E99D0019B7BB /* Password */ = {
			isa = PBXGroup;
			children = (
				E16D9B1F2249E9DC0019B7BB /* Password.storyboard */,
				E16D9B212249EA0C0019B7BB /* PasswordViewController.swift */,
				E16D9B23224A083E0019B7BB /* KeyboardViewController.swift */,
				E16D9B25224A08510019B7BB /* DecimalViewController.swift */,
				E16D9B27224A08660019B7BB /* AlphabetViewController.swift */,
			);
			path = Password;
			sourceTree = "<group>";
		};
		E1945E1B222E7C0600A1436F = {
			isa = PBXGroup;
			children = (
				E1945E26222E7C0600A1436F /* Cosmostation */,
				E1945E25222E7C0600A1436F /* Products */,
				1A728224B5E86FE87A2F331F /* Pods */,
				A9F877CB812E29531B5E6E38 /* Frameworks */,
			);
			sourceTree = "<group>";
		};
		E1945E25222E7C0600A1436F /* Products */ = {
			isa = PBXGroup;
			children = (
				E1945E24222E7C0600A1436F /* Cosmostation.app */,
			);
			name = Products;
			sourceTree = "<group>";
		};
		E1945E26222E7C0600A1436F /* Cosmostation */ = {
			isa = PBXGroup;
			children = (
				E1A82DF12244EC1C0097CAEE /* Cell */,
				E1A82DE622448E800097CAEE /* Utils */,
				E1A82DDD224478150097CAEE /* Model */,
				E1A82DDA224378BE0097CAEE /* View */,
				E1A82DCF224220810097CAEE /* Dao */,
				E1945E3B222E7DF600A1436F /* Crypto */,
				E1945E3A222E7DD800A1436F /* Controller */,
				E1945E39222E7D8E00A1436F /* Base */,
				E1945E29222E7C0600A1436F /* ViewController.swift */,
				E16D9B182248C4880019B7BB /* Assets.xcassets */,
				E1945E33222E7C0800A1436F /* Info.plist */,
				E1945E2B222E7C0600A1436F /* Main.storyboard */,
				E1945E30222E7C0800A1436F /* LaunchScreen.storyboard */,
				E1271B02224B17230083AF17 /* Localizable.strings */,
			);
			path = Cosmostation;
			sourceTree = "<group>";
		};
		E1945E39222E7D8E00A1436F /* Base */ = {
			isa = PBXGroup;
			children = (
				E1945E27222E7C0600A1436F /* AppDelegate.swift */,
				E1945E4F222E842B00A1436F /* BaseViewController.swift */,
				E1945E51223124F000A1436F /* BaseData.swift */,
				E1945E532231256800A1436F /* BaseConstant.swift */,
			);
			path = Base;
			sourceTree = "<group>";
		};
		E1945E3A222E7DD800A1436F /* Controller */ = {
			isa = PBXGroup;
			children = (
				E16D9B1E2249E99D0019B7BB /* Password */,
				E16D9B1122489AC20019B7BB /* Init */,
				E151B656224873270026B8C0 /* Setting */,
				E1945E40222E7FB000A1436F /* Main */,
			);
			path = Controller;
			sourceTree = "<group>";
		};
		E1945E3B222E7DF600A1436F /* Crypto */ = {
			isa = PBXGroup;
			children = (
				E1945E3D222E7E2900A1436F /* Bech32.swift */,
				E1945E3C222E7E2900A1436F /* SegwitAddrCoder.swift */,
			);
			path = Crypto;
			sourceTree = "<group>";
		};
		E1945E40222E7FB000A1436F /* Main */ = {
			isa = PBXGroup;
			children = (
				E1945E43222E7FF500A1436F /* MainStoryboard.storyboard */,
				E1945E41222E7FC800A1436F /* MainTabViewController.swift */,
				E1945E45222E819300A1436F /* MainTabSendViewController.swift */,
				E1945E47222E81A300A1436F /* MainTabRewardViewController.swift */,
				E1945E49222E81B300A1436F /* MainTabHistoryViewController.swift */,
				E1945E4B222E81C200A1436F /* MainTabVoteViewController.swift */,
				E1945E4D222E81D000A1436F /* MainTabSettingViewController.swift */,
				E1A82DED2244DE680097CAEE /* MyValidatorViewController.swift */,
				E1A82DEF2244E0BD0097CAEE /* AllValidatorViewController.swift */,
			);
			path = Main;
			sourceTree = "<group>";
		};
		E1A82DCF224220810097CAEE /* Dao */ = {
			isa = PBXGroup;
			children = (
				E1A82DD0224220910097CAEE /* Account.swift */,
				E1A82DD2224222E00097CAEE /* Password.swift */,
				E1A82DD4224223250097CAEE /* Balance.swift */,
				E1A82DD6224223EC0097CAEE /* Bonding.swift */,
				E1A82DD8224224420097CAEE /* Unbonding.swift */,
			);
			path = Dao;
			sourceTree = "<group>";
		};
		E1A82DDA224378BE0097CAEE /* View */ = {
			isa = PBXGroup;
			children = (
				E1A82DDB224378D40097CAEE /* CardView.swift */,
				E151B638224626990026B8C0 /* BorderButton.swift */,
				E16D9B1A2248D1370019B7BB /* BoarderLabel.swift */,
				E1271B07224B90230083AF17 /* AddressInputTextField.swift */,
				E1ECCA79224CB4AA00BAB623 /* BottomLineTextField.swift */,
			);
			path = View;
			sourceTree = "<group>";
		};
		E1A82DDD224478150097CAEE /* Model */ = {
			isa = PBXGroup;
			children = (
				E151B64C22485AB20026B8C0 /* History.swift */,
				E151B64E22485B3B0026B8C0 /* Result.swift */,
				E1A82DDE2244782B0097CAEE /* Validator.swift */,
				E1A82DE02244818C0097CAEE /* AccountInfo.swift */,
				E1A82DE22244821D0097CAEE /* PublicKey.swift */,
				E1A82DE4224482800097CAEE /* Coin.swift */,
				E1A82DE92244A20B0097CAEE /* BondingInfo.swift */,
				E1A82DEB2244A87D0097CAEE /* UnbondigInfo.swift */,
				E151B63E22484A710026B8C0 /* InOutPut.swift */,
				E151B64022484AE60026B8C0 /* Signature.swift */,
				E151B64222484F490026B8C0 /* Fee.swift */,
				E151B64422484FAE0026B8C0 /* Delegation.swift */,
				E151B646224850040026B8C0 /* Msg.swift */,
				E151B6482248583F0026B8C0 /* StdTx.swift */,
				E151B64A224859E10026B8C0 /* StdSignedMsg.swift */,
				E151B650224867D60026B8C0 /* Proposal.swift */,
			);
			path = Model;
			sourceTree = "<group>";
		};
		E1A82DE622448E800097CAEE /* Utils */ = {
			isa = PBXGroup;
			children = (
				E1A82DE722448E940097CAEE /* WUtils.swift */,
				E1A82DF62244FA750097CAEE /* UIColor.swift */,
				E16D9B1C2248E6A60019B7BB /* WKey.swift */,
			);
			path = Utils;
			sourceTree = "<group>";
		};
		E1A82DF12244EC1C0097CAEE /* Cell */ = {
			isa = PBXGroup;
			children = (
				E1A82DF22244EC440097CAEE /* AllValidatorCell.swift */,
				E1A82DF32244EC440097CAEE /* AllValidatorCell.xib */,
				E151B62C2245248C0026B8C0 /* MyValidatorCell.swift */,
				E151B62D2245248C0026B8C0 /* MyValidatorCell.xib */,
				E151B630224533DC0026B8C0 /* ClaimRewardAllCell.swift */,
				E151B631224533DC0026B8C0 /* ClaimRewardAllCell.xib */,
				E151B634224533F90026B8C0 /* PromotionCell.swift */,
				E151B635224533F90026B8C0 /* PromotionCell.xib */,
				E151B63A22467E520026B8C0 /* HistoryCell.swift */,
				E151B63B22467E520026B8C0 /* HistoryCell.xib */,
				E151B65222486C300026B8C0 /* ProposalCell.swift */,
				E151B65322486C300026B8C0 /* ProposalCell.xib */,
				E14BDFF9224CCFE20007DD7D /* MnemonicCell.swift */,
				E14BDFFA224CCFE20007DD7D /* MnemonicCell.xib */,
			);
			path = Cell;
			sourceTree = "<group>";
		};
/* End PBXGroup section */

/* Begin PBXNativeTarget section */
		E1945E23222E7C0600A1436F /* Cosmostation */ = {
			isa = PBXNativeTarget;
			buildConfigurationList = E1945E36222E7C0800A1436F /* Build configuration list for PBXNativeTarget "Cosmostation" */;
			buildPhases = (
				60AD2F87E83109E8CF8CB239 /* [CP] Check Pods Manifest.lock */,
				E1945E20222E7C0600A1436F /* Sources */,
				E1945E21222E7C0600A1436F /* Frameworks */,
				E1945E22222E7C0600A1436F /* Resources */,
				5821F649395C4E6D6CB62036 /* [CP] Embed Pods Frameworks */,
			);
			buildRules = (
			);
			dependencies = (
			);
			name = Cosmostation;
			productName = Cosmostation;
			productReference = E1945E24222E7C0600A1436F /* Cosmostation.app */;
			productType = "com.apple.product-type.application";
		};
/* End PBXNativeTarget section */

/* Begin PBXProject section */
		E1945E1C222E7C0600A1436F /* Project object */ = {
			isa = PBXProject;
			attributes = {
				LastSwiftUpdateCheck = 1010;
				LastUpgradeCheck = 1010;
				ORGANIZATIONNAME = wannabit;
				TargetAttributes = {
					E1945E23222E7C0600A1436F = {
						CreatedOnToolsVersion = 10.1;
					};
				};
			};
			buildConfigurationList = E1945E1F222E7C0600A1436F /* Build configuration list for PBXProject "Cosmostation" */;
			compatibilityVersion = "Xcode 9.3";
			developmentRegion = en;
			hasScannedForEncodings = 0;
			knownRegions = (
				Base,
			);
			mainGroup = E1945E1B222E7C0600A1436F;
			productRefGroup = E1945E25222E7C0600A1436F /* Products */;
			projectDirPath = "";
			projectRoot = "";
			targets = (
				E1945E23222E7C0600A1436F /* Cosmostation */,
			);
		};
/* End PBXProject section */

/* Begin PBXResourcesBuildPhase section */
		E1945E22222E7C0600A1436F /* Resources */ = {
			isa = PBXResourcesBuildPhase;
			buildActionMask = 2147483647;
			files = (
				E1945E32222E7C0800A1436F /* LaunchScreen.storyboard in Resources */,
				E151B63D22467E520026B8C0 /* HistoryCell.xib in Resources */,
				E16D9B192248C4880019B7BB /* Assets.xcassets in Resources */,
				E151B637224533F90026B8C0 /* PromotionCell.xib in Resources */,
				E1A82DF52244EC440097CAEE /* AllValidatorCell.xib in Resources */,
				E16D9B202249E9DC0019B7BB /* Password.storyboard in Resources */,
				E151B633224533DC0026B8C0 /* ClaimRewardAllCell.xib in Resources */,
				E14BDFFC224CCFE20007DD7D /* MnemonicCell.xib in Resources */,
				E151B65522486C300026B8C0 /* ProposalCell.xib in Resources */,
				E1945E44222E7FF500A1436F /* MainStoryboard.storyboard in Resources */,
				E1271B04224B17230083AF17 /* Localizable.strings in Resources */,
				E16D9B1322489AE10019B7BB /* Init.storyboard in Resources */,
				E151B62F2245248C0026B8C0 /* MyValidatorCell.xib in Resources */,
				E1945E2D222E7C0600A1436F /* Main.storyboard in Resources */,
			);
			runOnlyForDeploymentPostprocessing = 0;
		};
/* End PBXResourcesBuildPhase section */

/* Begin PBXShellScriptBuildPhase section */
		5821F649395C4E6D6CB62036 /* [CP] Embed Pods Frameworks */ = {
			isa = PBXShellScriptBuildPhase;
			buildActionMask = 2147483647;
			files = (
			);
			inputPaths = (
				"${SRCROOT}/Pods/Target Support Files/Pods-Cosmostation/Pods-Cosmostation-frameworks.sh",
				"${BUILT_PRODUCTS_DIR}/Alamofire/Alamofire.framework",
				"${BUILT_PRODUCTS_DIR}/BitcoinKit/BitcoinKit.framework",
				"${BUILT_PRODUCTS_DIR}/CryptoSwift/CryptoSwift.framework",
				"${BUILT_PRODUCTS_DIR}/MBProgressHUD/MBProgressHUD.framework",
				"${BUILT_PRODUCTS_DIR}/PromiseKit/PromiseKit.framework",
				"${BUILT_PRODUCTS_DIR}/SQLite.swift/SQLite.framework",
				"${BUILT_PRODUCTS_DIR}/SwiftKeychainWrapper/SwiftKeychainWrapper.framework",
				"${BUILT_PRODUCTS_DIR}/SwiftyJSON/SwiftyJSON.framework",
				"${BUILT_PRODUCTS_DIR}/Toast-Swift/Toast_Swift.framework",
			);
			name = "[CP] Embed Pods Frameworks";
			outputPaths = (
				"${TARGET_BUILD_DIR}/${FRAMEWORKS_FOLDER_PATH}/Alamofire.framework",
				"${TARGET_BUILD_DIR}/${FRAMEWORKS_FOLDER_PATH}/BitcoinKit.framework",
				"${TARGET_BUILD_DIR}/${FRAMEWORKS_FOLDER_PATH}/CryptoSwift.framework",
				"${TARGET_BUILD_DIR}/${FRAMEWORKS_FOLDER_PATH}/MBProgressHUD.framework",
				"${TARGET_BUILD_DIR}/${FRAMEWORKS_FOLDER_PATH}/PromiseKit.framework",
				"${TARGET_BUILD_DIR}/${FRAMEWORKS_FOLDER_PATH}/SQLite.framework",
				"${TARGET_BUILD_DIR}/${FRAMEWORKS_FOLDER_PATH}/SwiftKeychainWrapper.framework",
				"${TARGET_BUILD_DIR}/${FRAMEWORKS_FOLDER_PATH}/SwiftyJSON.framework",
				"${TARGET_BUILD_DIR}/${FRAMEWORKS_FOLDER_PATH}/Toast_Swift.framework",
			);
			runOnlyForDeploymentPostprocessing = 0;
			shellPath = /bin/sh;
			shellScript = "\"${SRCROOT}/Pods/Target Support Files/Pods-Cosmostation/Pods-Cosmostation-frameworks.sh\"\n";
			showEnvVarsInLog = 0;
		};
		60AD2F87E83109E8CF8CB239 /* [CP] Check Pods Manifest.lock */ = {
			isa = PBXShellScriptBuildPhase;
			buildActionMask = 2147483647;
			files = (
			);
			inputPaths = (
				"${PODS_PODFILE_DIR_PATH}/Podfile.lock",
				"${PODS_ROOT}/Manifest.lock",
			);
			name = "[CP] Check Pods Manifest.lock";
			outputPaths = (
				"$(DERIVED_FILE_DIR)/Pods-Cosmostation-checkManifestLockResult.txt",
			);
			runOnlyForDeploymentPostprocessing = 0;
			shellPath = /bin/sh;
			shellScript = "diff \"${PODS_PODFILE_DIR_PATH}/Podfile.lock\" \"${PODS_ROOT}/Manifest.lock\" > /dev/null\nif [ $? != 0 ] ; then\n    # print error to STDERR\n    echo \"error: The sandbox is not in sync with the Podfile.lock. Run 'pod install' or update your CocoaPods installation.\" >&2\n    exit 1\nfi\n# This output is used by Xcode 'outputs' to avoid re-running this script phase.\necho \"SUCCESS\" > \"${SCRIPT_OUTPUT_FILE_0}\"\n";
			showEnvVarsInLog = 0;
		};
/* End PBXShellScriptBuildPhase section */

/* Begin PBXSourcesBuildPhase section */
		E1945E20222E7C0600A1436F /* Sources */ = {
			isa = PBXSourcesBuildPhase;
			buildActionMask = 2147483647;
			files = (
				E1A82DEA2244A20B0097CAEE /* BondingInfo.swift in Sources */,
				E1945E48222E81A300A1436F /* MainTabRewardViewController.swift in Sources */,
				E16D9B26224A08510019B7BB /* DecimalViewController.swift in Sources */,
				E1945E42222E7FC800A1436F /* MainTabViewController.swift in Sources */,
				E1A82DEC2244A87D0097CAEE /* UnbondigInfo.swift in Sources */,
				E151B6492248583F0026B8C0 /* StdTx.swift in Sources */,
				E1945E52223124F000A1436F /* BaseData.swift in Sources */,
				E1A82DD3224222E00097CAEE /* Password.swift in Sources */,
				E16D9B28224A08660019B7BB /* AlphabetViewController.swift in Sources */,
				E151B636224533F90026B8C0 /* PromotionCell.swift in Sources */,
				E1A82DE32244821D0097CAEE /* PublicKey.swift in Sources */,
				E1945E50222E842B00A1436F /* BaseViewController.swift in Sources */,
				E16D9B1B2248D1370019B7BB /* BoarderLabel.swift in Sources */,
				E151B64F22485B3B0026B8C0 /* Result.swift in Sources */,
				E16D9B24224A083E0019B7BB /* KeyboardViewController.swift in Sources */,
				E151B63F22484A710026B8C0 /* InOutPut.swift in Sources */,
				E1945E4A222E81B300A1436F /* MainTabHistoryViewController.swift in Sources */,
				E1A82DE822448E940097CAEE /* WUtils.swift in Sources */,
				E1A82DD9224224420097CAEE /* Unbonding.swift in Sources */,
				E16D9B1522489B030019B7BB /* IntroViewController.swift in Sources */,
				E1A82DDC224378D40097CAEE /* CardView.swift in Sources */,
				E151B64B224859E10026B8C0 /* StdSignedMsg.swift in Sources */,
				E151B639224626990026B8C0 /* BorderButton.swift in Sources */,
				E1945E542231256800A1436F /* BaseConstant.swift in Sources */,
				E151B658224873640026B8C0 /* SettingTableViewController.swift in Sources */,
				E1A82DD7224223EC0097CAEE /* Bonding.swift in Sources */,
				E1A82DEE2244DE680097CAEE /* MyValidatorViewController.swift in Sources */,
				E1A82DF42244EC440097CAEE /* AllValidatorCell.swift in Sources */,
				E151B647224850040026B8C0 /* Msg.swift in Sources */,
				E151B62E2245248C0026B8C0 /* MyValidatorCell.swift in Sources */,
				E151B64522484FAE0026B8C0 /* Delegation.swift in Sources */,
				E1945E46222E819300A1436F /* MainTabSendViewController.swift in Sources */,
				E1945E4E222E81D000A1436F /* MainTabSettingViewController.swift in Sources */,
				E1271B0A224C943C0083AF17 /* RestoreViewController.swift in Sources */,
				E151B64122484AE60026B8C0 /* Signature.swift in Sources */,
				E1A82DE5224482800097CAEE /* Coin.swift in Sources */,
				E1A82DF72244FA750097CAEE /* UIColor.swift in Sources */,
				E1A82DF02244E0BD0097CAEE /* AllValidatorViewController.swift in Sources */,
				E151B65422486C300026B8C0 /* ProposalCell.swift in Sources */,
				E1271B08224B90230083AF17 /* AddressInputTextField.swift in Sources */,
				E1A82DDF2244782B0097CAEE /* Validator.swift in Sources */,
				E151B632224533DC0026B8C0 /* ClaimRewardAllCell.swift in Sources */,
				E151B64322484F490026B8C0 /* Fee.swift in Sources */,
				E14BDFFB224CCFE20007DD7D /* MnemonicCell.swift in Sources */,
				E16D9B172248BD990019B7BB /* CreateViewController.swift in Sources */,
				E1ECCA7A224CB4AA00BAB623 /* BottomLineTextField.swift in Sources */,
				E1945E2A222E7C0600A1436F /* ViewController.swift in Sources */,
				E16D9B1D2248E6A60019B7BB /* WKey.swift in Sources */,
				E1945E28222E7C0600A1436F /* AppDelegate.swift in Sources */,
				E151B64D22485AB20026B8C0 /* History.swift in Sources */,
				E1945E3F222E7E2900A1436F /* Bech32.swift in Sources */,
				E151B63C22467E520026B8C0 /* HistoryCell.swift in Sources */,
				E16D9B222249EA0C0019B7BB /* PasswordViewController.swift in Sources */,
				E1945E3E222E7E2900A1436F /* SegwitAddrCoder.swift in Sources */,
				E1945E4C222E81C200A1436F /* MainTabVoteViewController.swift in Sources */,
				E151B651224867D60026B8C0 /* Proposal.swift in Sources */,
				E1A82DD5224223250097CAEE /* Balance.swift in Sources */,
				E1A82DD1224220910097CAEE /* Account.swift in Sources */,
				E1A82DE12244818C0097CAEE /* AccountInfo.swift in Sources */,
				E1271B06224B874A0083AF17 /* AddAddressViewController.swift in Sources */,
			);
			runOnlyForDeploymentPostprocessing = 0;
		};
/* End PBXSourcesBuildPhase section */

/* Begin PBXVariantGroup section */
		E1271B02224B17230083AF17 /* Localizable.strings */ = {
			isa = PBXVariantGroup;
			children = (
				E1271B03224B17230083AF17 /* Base */,
			);
			name = Localizable.strings;
			sourceTree = "<group>";
		};
		E1945E2B222E7C0600A1436F /* Main.storyboard */ = {
			isa = PBXVariantGroup;
			children = (
				E1945E2C222E7C0600A1436F /* Base */,
				E1271B00224B16E20083AF17 /* en */,
			);
			name = Main.storyboard;
			sourceTree = "<group>";
		};
		E1945E30222E7C0800A1436F /* LaunchScreen.storyboard */ = {
			isa = PBXVariantGroup;
			children = (
				E1945E31222E7C0800A1436F /* Base */,
				E1271B01224B16E20083AF17 /* en */,
			);
			name = LaunchScreen.storyboard;
			sourceTree = "<group>";
		};
/* End PBXVariantGroup section */

/* Begin XCBuildConfiguration section */
		E1945E34222E7C0800A1436F /* Debug */ = {
			isa = XCBuildConfiguration;
			buildSettings = {
				ALWAYS_SEARCH_USER_PATHS = NO;
				CLANG_ANALYZER_LOCALIZABILITY_NONLOCALIZED = YES;
				CLANG_ANALYZER_NONNULL = YES;
				CLANG_ANALYZER_NUMBER_OBJECT_CONVERSION = YES_AGGRESSIVE;
				CLANG_CXX_LANGUAGE_STANDARD = "gnu++14";
				CLANG_CXX_LIBRARY = "libc++";
				CLANG_ENABLE_MODULES = YES;
				CLANG_ENABLE_OBJC_ARC = YES;
				CLANG_ENABLE_OBJC_WEAK = YES;
				CLANG_WARN_BLOCK_CAPTURE_AUTORELEASING = YES;
				CLANG_WARN_BOOL_CONVERSION = YES;
				CLANG_WARN_COMMA = YES;
				CLANG_WARN_CONSTANT_CONVERSION = YES;
				CLANG_WARN_DEPRECATED_OBJC_IMPLEMENTATIONS = YES;
				CLANG_WARN_DIRECT_OBJC_ISA_USAGE = YES_ERROR;
				CLANG_WARN_DOCUMENTATION_COMMENTS = YES;
				CLANG_WARN_EMPTY_BODY = YES;
				CLANG_WARN_ENUM_CONVERSION = YES;
				CLANG_WARN_INFINITE_RECURSION = YES;
				CLANG_WARN_INT_CONVERSION = YES;
				CLANG_WARN_NON_LITERAL_NULL_CONVERSION = YES;
				CLANG_WARN_OBJC_IMPLICIT_RETAIN_SELF = YES;
				CLANG_WARN_OBJC_LITERAL_CONVERSION = YES;
				CLANG_WARN_OBJC_ROOT_CLASS = YES_ERROR;
				CLANG_WARN_RANGE_LOOP_ANALYSIS = YES;
				CLANG_WARN_STRICT_PROTOTYPES = YES;
				CLANG_WARN_SUSPICIOUS_MOVE = YES;
				CLANG_WARN_UNGUARDED_AVAILABILITY = YES_AGGRESSIVE;
				CLANG_WARN_UNREACHABLE_CODE = YES;
				CLANG_WARN__DUPLICATE_METHOD_MATCH = YES;
				CODE_SIGN_IDENTITY = "iPhone Developer";
				COPY_PHASE_STRIP = NO;
				DEBUG_INFORMATION_FORMAT = dwarf;
				ENABLE_STRICT_OBJC_MSGSEND = YES;
				ENABLE_TESTABILITY = YES;
				GCC_C_LANGUAGE_STANDARD = gnu11;
				GCC_DYNAMIC_NO_PIC = NO;
				GCC_NO_COMMON_BLOCKS = YES;
				GCC_OPTIMIZATION_LEVEL = 0;
				GCC_PREPROCESSOR_DEFINITIONS = (
					"DEBUG=1",
					"$(inherited)",
				);
				GCC_WARN_64_TO_32_BIT_CONVERSION = YES;
				GCC_WARN_ABOUT_RETURN_TYPE = YES_ERROR;
				GCC_WARN_UNDECLARED_SELECTOR = YES;
				GCC_WARN_UNINITIALIZED_AUTOS = YES_AGGRESSIVE;
				GCC_WARN_UNUSED_FUNCTION = YES;
				GCC_WARN_UNUSED_VARIABLE = YES;
				IPHONEOS_DEPLOYMENT_TARGET = 12.1;
				MTL_ENABLE_DEBUG_INFO = INCLUDE_SOURCE;
				MTL_FAST_MATH = YES;
				ONLY_ACTIVE_ARCH = YES;
				SDKROOT = iphoneos;
				SWIFT_ACTIVE_COMPILATION_CONDITIONS = DEBUG;
				SWIFT_OPTIMIZATION_LEVEL = "-Onone";
			};
			name = Debug;
		};
		E1945E35222E7C0800A1436F /* Release */ = {
			isa = XCBuildConfiguration;
			buildSettings = {
				ALWAYS_SEARCH_USER_PATHS = NO;
				CLANG_ANALYZER_LOCALIZABILITY_NONLOCALIZED = YES;
				CLANG_ANALYZER_NONNULL = YES;
				CLANG_ANALYZER_NUMBER_OBJECT_CONVERSION = YES_AGGRESSIVE;
				CLANG_CXX_LANGUAGE_STANDARD = "gnu++14";
				CLANG_CXX_LIBRARY = "libc++";
				CLANG_ENABLE_MODULES = YES;
				CLANG_ENABLE_OBJC_ARC = YES;
				CLANG_ENABLE_OBJC_WEAK = YES;
				CLANG_WARN_BLOCK_CAPTURE_AUTORELEASING = YES;
				CLANG_WARN_BOOL_CONVERSION = YES;
				CLANG_WARN_COMMA = YES;
				CLANG_WARN_CONSTANT_CONVERSION = YES;
				CLANG_WARN_DEPRECATED_OBJC_IMPLEMENTATIONS = YES;
				CLANG_WARN_DIRECT_OBJC_ISA_USAGE = YES_ERROR;
				CLANG_WARN_DOCUMENTATION_COMMENTS = YES;
				CLANG_WARN_EMPTY_BODY = YES;
				CLANG_WARN_ENUM_CONVERSION = YES;
				CLANG_WARN_INFINITE_RECURSION = YES;
				CLANG_WARN_INT_CONVERSION = YES;
				CLANG_WARN_NON_LITERAL_NULL_CONVERSION = YES;
				CLANG_WARN_OBJC_IMPLICIT_RETAIN_SELF = YES;
				CLANG_WARN_OBJC_LITERAL_CONVERSION = YES;
				CLANG_WARN_OBJC_ROOT_CLASS = YES_ERROR;
				CLANG_WARN_RANGE_LOOP_ANALYSIS = YES;
				CLANG_WARN_STRICT_PROTOTYPES = YES;
				CLANG_WARN_SUSPICIOUS_MOVE = YES;
				CLANG_WARN_UNGUARDED_AVAILABILITY = YES_AGGRESSIVE;
				CLANG_WARN_UNREACHABLE_CODE = YES;
				CLANG_WARN__DUPLICATE_METHOD_MATCH = YES;
				CODE_SIGN_IDENTITY = "iPhone Developer";
				COPY_PHASE_STRIP = NO;
				DEBUG_INFORMATION_FORMAT = "dwarf-with-dsym";
				ENABLE_NS_ASSERTIONS = NO;
				ENABLE_STRICT_OBJC_MSGSEND = YES;
				GCC_C_LANGUAGE_STANDARD = gnu11;
				GCC_NO_COMMON_BLOCKS = YES;
				GCC_WARN_64_TO_32_BIT_CONVERSION = YES;
				GCC_WARN_ABOUT_RETURN_TYPE = YES_ERROR;
				GCC_WARN_UNDECLARED_SELECTOR = YES;
				GCC_WARN_UNINITIALIZED_AUTOS = YES_AGGRESSIVE;
				GCC_WARN_UNUSED_FUNCTION = YES;
				GCC_WARN_UNUSED_VARIABLE = YES;
				IPHONEOS_DEPLOYMENT_TARGET = 12.1;
				MTL_ENABLE_DEBUG_INFO = NO;
				MTL_FAST_MATH = YES;
				SDKROOT = iphoneos;
				SWIFT_COMPILATION_MODE = wholemodule;
				SWIFT_OPTIMIZATION_LEVEL = "-O";
				VALIDATE_PRODUCT = YES;
			};
			name = Release;
		};
		E1945E37222E7C0800A1436F /* Debug */ = {
			isa = XCBuildConfiguration;
			baseConfigurationReference = 00BAE96F02E7C0B2F69BAEF0 /* Pods-Cosmostation.debug.xcconfig */;
			buildSettings = {
				ASSETCATALOG_COMPILER_APPICON_NAME = AppIcon;
				CODE_SIGN_STYLE = Automatic;
				DEVELOPMENT_TEAM = 8G562MW56M;
				INFOPLIST_FILE = Cosmostation/Info.plist;
				LD_RUNPATH_SEARCH_PATHS = (
					"$(inherited)",
					"@executable_path/Frameworks",
				);
				PRODUCT_BUNDLE_IDENTIFIER = io.wannabit.Cosmostation;
				PRODUCT_NAME = "$(TARGET_NAME)";
				SWIFT_VERSION = 4.2;
				TARGETED_DEVICE_FAMILY = 1;
			};
			name = Debug;
		};
		E1945E38222E7C0800A1436F /* Release */ = {
			isa = XCBuildConfiguration;
			baseConfigurationReference = 8AF7F57C7285EED5E4415BAE /* Pods-Cosmostation.release.xcconfig */;
			buildSettings = {
				ASSETCATALOG_COMPILER_APPICON_NAME = AppIcon;
				CODE_SIGN_STYLE = Automatic;
				DEVELOPMENT_TEAM = 8G562MW56M;
				INFOPLIST_FILE = Cosmostation/Info.plist;
				LD_RUNPATH_SEARCH_PATHS = (
					"$(inherited)",
					"@executable_path/Frameworks",
				);
				PRODUCT_BUNDLE_IDENTIFIER = io.wannabit.Cosmostation;
				PRODUCT_NAME = "$(TARGET_NAME)";
				SWIFT_VERSION = 4.2;
				TARGETED_DEVICE_FAMILY = 1;
			};
			name = Release;
		};
/* End XCBuildConfiguration section */

/* Begin XCConfigurationList section */
		E1945E1F222E7C0600A1436F /* Build configuration list for PBXProject "Cosmostation" */ = {
			isa = XCConfigurationList;
			buildConfigurations = (
				E1945E34222E7C0800A1436F /* Debug */,
				E1945E35222E7C0800A1436F /* Release */,
			);
			defaultConfigurationIsVisible = 0;
			defaultConfigurationName = Release;
		};
		E1945E36222E7C0800A1436F /* Build configuration list for PBXNativeTarget "Cosmostation" */ = {
			isa = XCConfigurationList;
			buildConfigurations = (
				E1945E37222E7C0800A1436F /* Debug */,
				E1945E38222E7C0800A1436F /* Release */,
			);
			defaultConfigurationIsVisible = 0;
			defaultConfigurationName = Release;
		};
/* End XCConfigurationList section */
	};
	rootObject = E1945E1C222E7C0600A1436F /* Project object */;
}
