PODS:
  - Alamofire (4.9.1)
  - AlamofireImage (3.6.0):
    - Alamofire (~> 4.9)
  - CGRPCZlib (1.0.0)
  - CNIOAtomics (2.30.0)
  - CNIOBoringSSL (2.14.0)
  - CNIOBoringSSLShims (2.14.0):
    - CNIOBoringSSL (= 2.14.0)
  - CNIODarwin (2.30.0)
  - CNIOHTTPParser (2.30.0)
  - CNIOLinux (2.30.0)
  - CNIOWindows (2.30.0)
  - CryptoSwift (1.4.1)
  - DropDown (2.3.13)
  - Firebase/Core (8.5.0):
    - Firebase/CoreOnly
    - FirebaseAnalytics (~> 8.5.0)
  - Firebase/CoreOnly (8.5.0):
    - FirebaseCore (= 8.5.0)
  - Firebase/Messaging (8.5.0):
    - Firebase/CoreOnly
    - FirebaseMessaging (~> 8.5.0)
  - FirebaseAnalytics (8.5.0):
    - FirebaseAnalytics/AdIdSupport (= 8.5.0)
    - FirebaseCore (~> 8.0)
    - FirebaseInstallations (~> 8.0)
    - GoogleUtilities/AppDelegateSwizzler (~> 7.4)
    - GoogleUtilities/MethodSwizzler (~> 7.4)
    - GoogleUtilities/Network (~> 7.4)
    - "GoogleUtilities/NSData+zlib (~> 7.4)"
    - nanopb (~> 2.30908.0)
  - FirebaseAnalytics/AdIdSupport (8.5.0):
    - FirebaseCore (~> 8.0)
    - FirebaseInstallations (~> 8.0)
    - GoogleAppMeasurement (= 8.5.0)
    - GoogleUtilities/AppDelegateSwizzler (~> 7.4)
    - GoogleUtilities/MethodSwizzler (~> 7.4)
    - GoogleUtilities/Network (~> 7.4)
    - "GoogleUtilities/NSData+zlib (~> 7.4)"
    - nanopb (~> 2.30908.0)
  - FirebaseCore (8.5.0):
    - FirebaseCoreDiagnostics (~> 8.0)
    - GoogleUtilities/Environment (~> 7.4)
    - GoogleUtilities/Logger (~> 7.4)
  - FirebaseCoreDiagnostics (8.5.0):
    - GoogleDataTransport (~> 9.0)
    - GoogleUtilities/Environment (~> 7.4)
    - GoogleUtilities/Logger (~> 7.4)
    - nanopb (~> 2.30908.0)
  - FirebaseInstallations (8.5.0):
    - FirebaseCore (~> 8.0)
    - GoogleUtilities/Environment (~> 7.4)
    - GoogleUtilities/UserDefaults (~> 7.4)
    - PromisesObjC (< 3.0, >= 1.2)
  - FirebaseMessaging (8.5.0):
    - FirebaseCore (~> 8.0)
    - FirebaseInstallations (~> 8.0)
    - GoogleUtilities/AppDelegateSwizzler (~> 7.4)
    - GoogleUtilities/Environment (~> 7.4)
    - GoogleUtilities/Reachability (~> 7.4)
    - GoogleUtilities/UserDefaults (~> 7.4)
  - Floaty (4.1.0)
  - GoogleAppMeasurement (8.5.0):
    - GoogleAppMeasurement/AdIdSupport (= 8.5.0)
    - GoogleUtilities/AppDelegateSwizzler (~> 7.4)
    - GoogleUtilities/MethodSwizzler (~> 7.4)
    - GoogleUtilities/Network (~> 7.4)
    - "GoogleUtilities/NSData+zlib (~> 7.4)"
    - nanopb (~> 2.30908.0)
  - GoogleAppMeasurement/AdIdSupport (8.5.0):
    - GoogleUtilities/AppDelegateSwizzler (~> 7.4)
    - GoogleUtilities/MethodSwizzler (~> 7.4)
    - GoogleUtilities/Network (~> 7.4)
    - "GoogleUtilities/NSData+zlib (~> 7.4)"
    - nanopb (~> 2.30908.0)
  - GoogleDataTransport (9.1.0):
    - GoogleUtilities/Environment (~> 7.2)
    - nanopb (~> 2.30908.0)
    - PromisesObjC (< 3.0, >= 1.2)
  - GoogleUtilities/AppDelegateSwizzler (7.5.0):
    - GoogleUtilities/Environment
    - GoogleUtilities/Logger
    - GoogleUtilities/Network
  - GoogleUtilities/Environment (7.5.0):
    - PromisesObjC (< 3.0, >= 1.2)
  - GoogleUtilities/Logger (7.5.0):
    - GoogleUtilities/Environment
  - GoogleUtilities/MethodSwizzler (7.5.0):
    - GoogleUtilities/Logger
  - GoogleUtilities/Network (7.5.0):
    - GoogleUtilities/Logger
    - "GoogleUtilities/NSData+zlib"
    - GoogleUtilities/Reachability
  - "GoogleUtilities/NSData+zlib (7.5.0)"
  - GoogleUtilities/Reachability (7.5.0):
    - GoogleUtilities/Logger
  - GoogleUtilities/UserDefaults (7.5.0):
    - GoogleUtilities/Logger
  - gRPC-Swift (1.0.0):
    - CGRPCZlib (= 1.0.0)
    - Logging (< 2.0.0, >= 1.4.0)
    - SwiftNIO (< 3.0.0, >= 2.22.0)
    - SwiftNIOExtras (< 2.0.0, >= 1.4.0)
    - SwiftNIOHTTP2 (< 2.0.0, >= 1.16.1)
    - SwiftNIOSSL (< 3.0.0, >= 2.8.0)
    - SwiftNIOTransportServices (< 2.0.0, >= 1.6.0)
    - SwiftProtobuf (< 2.0.0, >= 1.9.0)
  - gRPC-Swift-Plugins (1.0.0):
    - gRPC-Swift (= 1.0.0)
  - HDWalletKit (0.3.6):
    - CryptoSwift (~> 1.4.0)
    - secp256k1.swift (~> 0.1.4)
  - Logging (1.4.0)
  - MarqueeLabel/Swift (3.2.1)
  - nanopb (2.30908.0):
    - nanopb/decode (= 2.30908.0)
    - nanopb/encode (= 2.30908.0)
  - nanopb/decode (2.30908.0)
  - nanopb/encode (2.30908.0)
  - NotificationBannerSwift (2.0.1):
    - MarqueeLabel/Swift (~> 3.2.0)
    - SnapKit (~> 4.2.0)
  - PromiseKit (6.15.3):
    - PromiseKit/CorePromise (= 6.15.3)
    - PromiseKit/Foundation (= 6.15.3)
    - PromiseKit/UIKit (= 6.15.3)
  - PromiseKit/CorePromise (6.15.3)
  - PromiseKit/Foundation (6.15.3):
    - PromiseKit/CorePromise
  - PromiseKit/UIKit (6.15.3):
    - PromiseKit/CorePromise
  - PromisesObjC (2.0.0)
  - QRCode (2.0)
  - secp256k1.swift (0.1.4)
  - SnapKit (4.2.0)
  - SQLite.swift (0.11.6):
    - SQLite.swift/standard (= 0.11.6)
  - SQLite.swift/standard (0.11.6)
  - Starscream (3.1.1)
  - SwiftKeychainWrapper (4.0.1)
  - SwiftNIO (2.30.0):
    - CNIODarwin (= 2.30.0)
    - CNIOLinux (= 2.30.0)
    - CNIOWindows (= 2.30.0)
    - SwiftNIOConcurrencyHelpers (= 2.30.0)
  - SwiftNIOConcurrencyHelpers (2.30.0):
    - CNIOAtomics (= 2.30.0)
  - SwiftNIOExtras (1.10.0):
    - SwiftNIO (< 3, >= 2.30.0)
  - SwiftNIOFoundationCompat (2.30.0):
    - SwiftNIO (= 2.30.0)
  - SwiftNIOHPACK (1.18.0):
    - SwiftNIO (< 3, >= 2.30.0)
    - SwiftNIOConcurrencyHelpers (< 3, >= 2.30.0)
    - SwiftNIOHTTP1 (< 3, >= 2.30.0)
  - SwiftNIOHTTP1 (2.30.0):
    - CNIOHTTPParser (= 2.30.0)
    - SwiftNIO (= 2.30.0)
    - SwiftNIOConcurrencyHelpers (= 2.30.0)
  - SwiftNIOHTTP2 (1.18.0):
    - SwiftNIO (< 3, >= 2.30.0)
    - SwiftNIOConcurrencyHelpers (< 3, >= 2.30.0)
    - SwiftNIOHPACK (= 1.18.0)
    - SwiftNIOHTTP1 (< 3, >= 2.30.0)
    - SwiftNIOTLS (< 3, >= 2.30.0)
  - SwiftNIOSSL (2.14.0):
    - CNIOBoringSSL (= 2.14.0)
    - CNIOBoringSSLShims (= 2.14.0)
    - SwiftNIO (< 3, >= 2.30.0)
    - SwiftNIOConcurrencyHelpers (< 3, >= 2.30.0)
    - SwiftNIOTLS (< 3, >= 2.30.0)
  - SwiftNIOTLS (2.30.0):
    - SwiftNIO (= 2.30.0)
  - SwiftNIOTransportServices (1.11.0):
    - SwiftNIO (< 3, >= 2.30.0)
    - SwiftNIOConcurrencyHelpers (< 3, >= 2.30.0)
    - SwiftNIOFoundationCompat (< 3, >= 2.30.0)
    - SwiftNIOTLS (< 3, >= 2.30.0)
  - SwiftProtobuf (1.17.0)
  - SwiftyJSON (4.3.0)
  - Toast-Swift (4.0.1)
  - WalletConnect (0.1.0):
    - CryptoSwift
    - PromiseKit
    - Starscream

DEPENDENCIES:
  - AlamofireImage (~> 3.3)
  - DropDown
  - Firebase/Core
  - Firebase/Messaging
  - Floaty (~> 4.1.0)
  - gRPC-Swift (~> 1.0.0)
  - gRPC-Swift-Plugins
  - HDWalletKit (from `https://github.com/cosmostation/HDWallet.git`, branch `develop`)
  - NotificationBannerSwift (= 2.0.1)
  - QRCode
  - SQLite.swift (~> 0.11.5)
  - Starscream (~> 3.1.1)
  - SwiftKeychainWrapper
  - SwiftyJSON (~> 4.3)
  - Toast-Swift (~> 4.0.0)
  - WalletConnect (from `https://github.com/WalletConnect/swift-walletconnect-lib`, branch `master`)

SPEC REPOS:
  trunk:
    - Alamofire
    - AlamofireImage
    - CGRPCZlib
    - CNIOAtomics
    - CNIOBoringSSL
    - CNIOBoringSSLShims
    - CNIODarwin
    - CNIOHTTPParser
    - CNIOLinux
    - CNIOWindows
    - CryptoSwift
    - DropDown
    - Firebase
    - FirebaseAnalytics
    - FirebaseCore
    - FirebaseCoreDiagnostics
    - FirebaseInstallations
    - FirebaseMessaging
    - Floaty
    - GoogleAppMeasurement
    - GoogleDataTransport
    - GoogleUtilities
    - gRPC-Swift
    - gRPC-Swift-Plugins
    - Logging
    - MarqueeLabel
    - nanopb
    - NotificationBannerSwift
    - PromiseKit
    - PromisesObjC
    - QRCode
    - secp256k1.swift
    - SnapKit
    - SQLite.swift
    - Starscream
    - SwiftKeychainWrapper
    - SwiftNIO
    - SwiftNIOConcurrencyHelpers
    - SwiftNIOExtras
    - SwiftNIOFoundationCompat
    - SwiftNIOHPACK
    - SwiftNIOHTTP1
    - SwiftNIOHTTP2
    - SwiftNIOSSL
    - SwiftNIOTLS
    - SwiftNIOTransportServices
    - SwiftProtobuf
    - SwiftyJSON
    - Toast-Swift

EXTERNAL SOURCES:
  HDWalletKit:
    :branch: develop
    :git: https://github.com/cosmostation/HDWallet.git
  WalletConnect:
    :branch: master
    :git: https://github.com/WalletConnect/swift-walletconnect-lib

CHECKOUT OPTIONS:
  HDWalletKit:
    :commit: 43ed93f89f8c0201274f20f6b2c726913b7ed33c
    :git: https://github.com/cosmostation/HDWallet.git
  WalletConnect:
    :commit: 4204495771bc5eaee45d7381f0c71de1a65081a0
    :git: https://github.com/WalletConnect/swift-walletconnect-lib

SPEC CHECKSUMS:
  Alamofire: 85e8a02c69d6020a0d734f6054870d7ecb75cf18
  AlamofireImage: be9963c6582d68b39e89191f64c82a7d7bf40fdd
  CGRPCZlib: b0c9d704a12fa667f1824ffff20688f191945989
  CNIOAtomics: ab79c239d46f3a330eef44aa3f2f86a25dbba3c2
  CNIOBoringSSL: f3b67841fc3aefe1154f1b4232f4ac7a922d16dc
  CNIOBoringSSLShims: 95b5c4ddd4a443fb61393c3dd60671901a18b40c
  CNIODarwin: b0645cd841ad8ac7b909095dcf82ca177a20105a
  CNIOHTTPParser: 4b760a40a95a9cdf0745d42cbc43f460645cac24
  CNIOLinux: e4def3bc8b0c9e7fbf4c3c85f3797be00177399e
  CNIOWindows: 8f14a2ec959cd0fd6ee102384ca4d09b1cff9b4e
  CryptoSwift: 0bc800a7e6a24c4fc9ebeab97d44b0d5f73a78bd
  DropDown: 8a2116376c1981888557f72ec2ffc9a5e0e456ec
  Firebase: ff8c73105b90e33e1dc6c8e5445d7adc2ccdc7c1
  FirebaseAnalytics: 96325c1e0acbd2bb805c6a613028b1fe599d6a37
  FirebaseCore: 1c1ca72483b59b17050f5b4cec4fb748425a3901
  FirebaseCoreDiagnostics: 7bf55d386f9fc690d971b70a582142321a390eb8
  FirebaseInstallations: f2bc590b291d25fb40a9a05b8281c02a881b5117
  FirebaseMessaging: 0705ec705c21705efc51c071fba924c8e25c63e7
  Floaty: 1a4e213f3512cf3045ef9cb0c1ff456226d1f66a
  GoogleAppMeasurement: 8d10c1c470fcb0e5143ed74fddd164f0a0384800
  GoogleDataTransport: 85fd18ff3019bb85d3f2c551d04c481dedf71fc9
  GoogleUtilities: eea970f4a389963963bffe8d8fabe43540678b9c
  gRPC-Swift: 77154009a019e97f8c4bd8f2bb75fe9726801157
  gRPC-Swift-Plugins: 22f2e8578f332e72ee59671c63264e219c982755
  HDWalletKit: a923569b6b302ba61322de111ce642915d1c6ee7
  Logging: beeb016c9c80cf77042d62e83495816847ef108b
  MarqueeLabel: 2daf039bf916937c8a4c9adfc13577cc5e51b4ce
  nanopb: a0ba3315591a9ae0a16a309ee504766e90db0c96
  NotificationBannerSwift: 007774aa590cc9680647b92b2f217bef5c00c32c
  PromiseKit: 3b2b6995e51a954c46dbc550ce3da44fbfb563c5
  PromisesObjC: 68159ce6952d93e17b2dfe273b8c40907db5ba58
  QRCode: f98a1886c8f37523704a7512a4c0cd45b34c18a4
  secp256k1.swift: a7e7a214f6db6ce5db32cc6b2b45e5c4dd633634
  SnapKit: fe8a619752f3f27075cc9a90244d75c6c3f27e2a
  SQLite.swift: 46d890be8601964454bd3392527f863d1b802d45
  Starscream: 4bb2f9942274833f7b4d296a55504dcfc7edb7b0
  SwiftKeychainWrapper: 807ba1d63c33a7d0613288512399cd1eda1e470c
  SwiftNIO: f8ba4a53a934bf5ef6cd84ba9133903c9c760874
  SwiftNIOConcurrencyHelpers: 8b2657b5574ff83b8d82377d410e9272e0e16c79
  SwiftNIOExtras: 12c3902de56e7ff1e13b503f25f91f6241e6c070
  SwiftNIOFoundationCompat: a04ab889162baea339109971a39ac1b485efaaa1
  SwiftNIOHPACK: d860ff998cea404983b7a8eaf467724981382707
  SwiftNIOHTTP1: 05e35ba2884ceba1e6aac432e9d8836a44b21679
  SwiftNIOHTTP2: ea3fb3fe106496198fa78d106c60e28a7a66b621
  SwiftNIOSSL: 44ca606052bda37aa92cd70b3790f2fa9cb60ecd
  SwiftNIOTLS: e0d5eafb783309ec96d05877846e7fca080d8371
  SwiftNIOTransportServices: d7325a26197766ddaf800d5237ad9cdd1c8d47fc
  SwiftProtobuf: 9c85136c6ba74b0a1b84279dbf0f6db8efb714e0
  SwiftyJSON: 6faa0040f8b59dead0ee07436cbf76b73c08fd08
  Toast-Swift: e42a638589a2f95036b4bb7626cfbdde7daf0393
  WalletConnect: 0b21907c54b4bb324bf402dd14954c60a290ad36

PODFILE CHECKSUM: 7ce4844f2d8e09d502475b0e8050f909652aae2e

COCOAPODS: 1.10.1
